// !$*UTF8*$!
{
	archiveVersion = 1;
	classes = {
	};
	objectVersion = 55;
	objects = {

/* Begin PBXBuildFile section */
		E3352709280BDDED00A633B2 /* Charts.framework in Frameworks */ = {isa = PBXBuildFile; fileRef = E3352706280BDDE000A633B2 /* Charts.framework */; platformFilter = ios; };
		E335270A280BDDED00A633B2 /* Charts.framework in Embed Frameworks */ = {isa = PBXBuildFile; fileRef = E3352706280BDDE000A633B2 /* Charts.framework */; settings = {ATTRIBUTES = (CodeSignOnCopy, RemoveHeadersOnCopy, ); }; };
		E335270C280BE1B600A633B2 /* HomeController.swift in Sources */ = {isa = PBXBuildFile; fileRef = E335270B280BE1B600A633B2 /* HomeController.swift */; };
		E3519EF1280AA1D800D7213C /* AppDelegate.swift in Sources */ = {isa = PBXBuildFile; fileRef = E3519EF0280AA1D800D7213C /* AppDelegate.swift */; };
		E3519EF3280AA1D800D7213C /* SceneDelegate.swift in Sources */ = {isa = PBXBuildFile; fileRef = E3519EF2280AA1D800D7213C /* SceneDelegate.swift */; };
		E3519EF5280AA1D800D7213C /* ViewController.swift in Sources */ = {isa = PBXBuildFile; fileRef = E3519EF4280AA1D800D7213C /* ViewController.swift */; };
		E3519EF8280AA1D800D7213C /* Main.storyboard in Resources */ = {isa = PBXBuildFile; fileRef = E3519EF6280AA1D800D7213C /* Main.storyboard */; };
		E3519EFA280AA1D800D7213C /* Assets.xcassets in Resources */ = {isa = PBXBuildFile; fileRef = E3519EF9280AA1D800D7213C /* Assets.xcassets */; };
		E3519EFD280AA1D800D7213C /* LaunchScreen.storyboard in Resources */ = {isa = PBXBuildFile; fileRef = E3519EFB280AA1D800D7213C /* LaunchScreen.storyboard */; };
		E3519F08280AA1D900D7213C /* PremiaMobileTests.swift in Sources */ = {isa = PBXBuildFile; fileRef = E3519F07280AA1D900D7213C /* PremiaMobileTests.swift */; };
		E3519F12280AA1D900D7213C /* PremiaMobileUITests.swift in Sources */ = {isa = PBXBuildFile; fileRef = E3519F11280AA1D900D7213C /* PremiaMobileUITests.swift */; };
		E3519F14280AA1D900D7213C /* PremiaMobileUITestsLaunchTests.swift in Sources */ = {isa = PBXBuildFile; fileRef = E3519F13280AA1D900D7213C /* PremiaMobileUITestsLaunchTests.swift */; };
		E3519F25280AA51C00D7213C /* HalextClient.swift in Sources */ = {isa = PBXBuildFile; fileRef = E3519F24280AA51C00D7213C /* HalextClient.swift */; };
		E3519F27280B066200D7213C /* HalextParser.swift in Sources */ = {isa = PBXBuildFile; fileRef = E3519F26280B066200D7213C /* HalextParser.swift */; };
		E3519F29280B2B2B00D7213C /* TDClient.swift in Sources */ = {isa = PBXBuildFile; fileRef = E3519F28280B2B2B00D7213C /* TDClient.swift */; };
		E3519F2B280B2B3200D7213C /* TDParser.swift in Sources */ = {isa = PBXBuildFile; fileRef = E3519F2A280B2B3200D7213C /* TDParser.swift */; };
		E3519F2F280B2BB600D7213C /* CandleChartView.swift in Sources */ = {isa = PBXBuildFile; fileRef = E3519F2E280B2BB600D7213C /* CandleChartView.swift */; };
		E367AA8A280B53A300983E1E /* TDManager.swift in Sources */ = {isa = PBXBuildFile; fileRef = E367AA89280B53A300983E1E /* TDManager.swift */; };
		E367AA8E280B5AFA00983E1E /* TDStructures.swift in Sources */ = {isa = PBXBuildFile; fileRef = E367AA8D280B5AFA00983E1E /* TDStructures.swift */; };
		E367AACA280B70F200983E1E /* Algorithms in Frameworks */ = {isa = PBXBuildFile; productRef = E367AAC9280B70F200983E1E /* Algorithms */; };
		E367AACD280B710000983E1E /* ComplexModule in Frameworks */ = {isa = PBXBuildFile; productRef = E367AACC280B710000983E1E /* ComplexModule */; };
		E367AACF280B710000983E1E /* Numerics in Frameworks */ = {isa = PBXBuildFile; productRef = E367AACE280B710000983E1E /* Numerics */; };
		E367AAD1280B710000983E1E /* RealModule in Frameworks */ = {isa = PBXBuildFile; productRef = E367AAD0280B710000983E1E /* RealModule */; };
/* End PBXBuildFile section */

/* Begin PBXContainerItemProxy section */
		E3352705280BDDE000A633B2 /* PBXContainerItemProxy */ = {
			isa = PBXContainerItemProxy;
			containerPortal = E3352700280BDDE000A633B2 /* Charts.xcodeproj */;
			proxyType = 2;
			remoteGlobalIDString = 65AD9E95D9ED4DC0BD73A743;
			remoteInfo = Charts;
		};
		E3352707280BDDE000A633B2 /* PBXContainerItemProxy */ = {
			isa = PBXContainerItemProxy;
			containerPortal = E3352700280BDDE000A633B2 /* Charts.xcodeproj */;
			proxyType = 2;
			remoteGlobalIDString = 1CBBC58C6CE1EBEE9852CE41;
			remoteInfo = ChartsTests;
		};
		E3519F04280AA1D900D7213C /* PBXContainerItemProxy */ = {
			isa = PBXContainerItemProxy;
			containerPortal = E3519EE5280AA1D800D7213C /* Project object */;
			proxyType = 1;
			remoteGlobalIDString = E3519EEC280AA1D800D7213C;
			remoteInfo = PremiaMobile;
		};
		E3519F0E280AA1D900D7213C /* PBXContainerItemProxy */ = {
			isa = PBXContainerItemProxy;
			containerPortal = E3519EE5280AA1D800D7213C /* Project object */;
			proxyType = 1;
			remoteGlobalIDString = E3519EEC280AA1D800D7213C;
			remoteInfo = PremiaMobile;
		};
/* End PBXContainerItemProxy section */

/* Begin PBXCopyFilesBuildPhase section */
		E33526F0280BD78B00A633B2 /* Embed Frameworks */ = {
			isa = PBXCopyFilesBuildPhase;
			buildActionMask = 2147483647;
			dstPath = "";
			dstSubfolderSpec = 10;
			files = (
				E335270A280BDDED00A633B2 /* Charts.framework in Embed Frameworks */,
			);
			name = "Embed Frameworks";
			runOnlyForDeploymentPostprocessing = 0;
		};
/* End PBXCopyFilesBuildPhase section */

/* Begin PBXFileReference section */
		E3352700280BDDE000A633B2 /* Charts.xcodeproj */ = {isa = PBXFileReference; lastKnownFileType = "wrapper.pb-project"; name = Charts.xcodeproj; path = "../Charts-master/Charts.xcodeproj"; sourceTree = "<group>"; };
		E335270B280BE1B600A633B2 /* HomeController.swift */ = {isa = PBXFileReference; lastKnownFileType = sourcecode.swift; path = HomeController.swift; sourceTree = "<group>"; };
		E3519EED280AA1D800D7213C /* PremiaMobile.app */ = {isa = PBXFileReference; explicitFileType = wrapper.application; includeInIndex = 0; path = PremiaMobile.app; sourceTree = BUILT_PRODUCTS_DIR; };
		E3519EF0280AA1D800D7213C /* AppDelegate.swift */ = {isa = PBXFileReference; lastKnownFileType = sourcecode.swift; path = AppDelegate.swift; sourceTree = "<group>"; };
		E3519EF2280AA1D800D7213C /* SceneDelegate.swift */ = {isa = PBXFileReference; lastKnownFileType = sourcecode.swift; path = SceneDelegate.swift; sourceTree = "<group>"; };
		E3519EF4280AA1D800D7213C /* ViewController.swift */ = {isa = PBXFileReference; lastKnownFileType = sourcecode.swift; path = ViewController.swift; sourceTree = "<group>"; };
		E3519EF7280AA1D800D7213C /* Base */ = {isa = PBXFileReference; lastKnownFileType = file.storyboard; name = Base; path = Base.lproj/Main.storyboard; sourceTree = "<group>"; };
		E3519EF9280AA1D800D7213C /* Assets.xcassets */ = {isa = PBXFileReference; lastKnownFileType = folder.assetcatalog; path = Assets.xcassets; sourceTree = "<group>"; };
		E3519EFC280AA1D800D7213C /* Base */ = {isa = PBXFileReference; lastKnownFileType = file.storyboard; name = Base; path = Base.lproj/LaunchScreen.storyboard; sourceTree = "<group>"; };
		E3519EFE280AA1D800D7213C /* Info.plist */ = {isa = PBXFileReference; lastKnownFileType = text.plist.xml; path = Info.plist; sourceTree = "<group>"; };
		E3519F03280AA1D900D7213C /* PremiaMobileTests.xctest */ = {isa = PBXFileReference; explicitFileType = wrapper.cfbundle; includeInIndex = 0; path = PremiaMobileTests.xctest; sourceTree = BUILT_PRODUCTS_DIR; };
		E3519F07280AA1D900D7213C /* PremiaMobileTests.swift */ = {isa = PBXFileReference; lastKnownFileType = sourcecode.swift; path = PremiaMobileTests.swift; sourceTree = "<group>"; };
		E3519F0D280AA1D900D7213C /* PremiaMobileUITests.xctest */ = {isa = PBXFileReference; explicitFileType = wrapper.cfbundle; includeInIndex = 0; path = PremiaMobileUITests.xctest; sourceTree = BUILT_PRODUCTS_DIR; };
		E3519F11280AA1D900D7213C /* PremiaMobileUITests.swift */ = {isa = PBXFileReference; lastKnownFileType = sourcecode.swift; path = PremiaMobileUITests.swift; sourceTree = "<group>"; };
		E3519F13280AA1D900D7213C /* PremiaMobileUITestsLaunchTests.swift */ = {isa = PBXFileReference; lastKnownFileType = sourcecode.swift; path = PremiaMobileUITestsLaunchTests.swift; sourceTree = "<group>"; };
		E3519F24280AA51C00D7213C /* HalextClient.swift */ = {isa = PBXFileReference; lastKnownFileType = sourcecode.swift; path = HalextClient.swift; sourceTree = "<group>"; };
		E3519F26280B066200D7213C /* HalextParser.swift */ = {isa = PBXFileReference; lastKnownFileType = sourcecode.swift; path = HalextParser.swift; sourceTree = "<group>"; };
		E3519F28280B2B2B00D7213C /* TDClient.swift */ = {isa = PBXFileReference; lastKnownFileType = sourcecode.swift; path = TDClient.swift; sourceTree = "<group>"; };
		E3519F2A280B2B3200D7213C /* TDParser.swift */ = {isa = PBXFileReference; lastKnownFileType = sourcecode.swift; path = TDParser.swift; sourceTree = "<group>"; };
		E3519F2E280B2BB600D7213C /* CandleChartView.swift */ = {isa = PBXFileReference; lastKnownFileType = sourcecode.swift; path = CandleChartView.swift; sourceTree = "<group>"; };
		E367AA89280B53A300983E1E /* TDManager.swift */ = {isa = PBXFileReference; lastKnownFileType = sourcecode.swift; path = TDManager.swift; sourceTree = "<group>"; };
		E367AA8D280B5AFA00983E1E /* TDStructures.swift */ = {isa = PBXFileReference; lastKnownFileType = sourcecode.swift; path = TDStructures.swift; sourceTree = "<group>"; };
		E367AAD4280BBA8100983E1E /* sigma.png */ = {isa = PBXFileReference; lastKnownFileType = image.png; path = sigma.png; sourceTree = "<group>"; };
/* End PBXFileReference section */

/* Begin PBXFrameworksBuildPhase section */
		E3519EEA280AA1D800D7213C /* Frameworks */ = {
			isa = PBXFrameworksBuildPhase;
			buildActionMask = 2147483647;
			files = (
				E367AACA280B70F200983E1E /* Algorithms in Frameworks */,
				E367AACD280B710000983E1E /* ComplexModule in Frameworks */,
				E3352709280BDDED00A633B2 /* Charts.framework in Frameworks */,
				E367AACF280B710000983E1E /* Numerics in Frameworks */,
				E367AAD1280B710000983E1E /* RealModule in Frameworks */,
			);
			runOnlyForDeploymentPostprocessing = 0;
		};
		E3519F00280AA1D900D7213C /* Frameworks */ = {
			isa = PBXFrameworksBuildPhase;
			buildActionMask = 2147483647;
			files = (
			);
			runOnlyForDeploymentPostprocessing = 0;
		};
		E3519F0A280AA1D900D7213C /* Frameworks */ = {
			isa = PBXFrameworksBuildPhase;
			buildActionMask = 2147483647;
			files = (
			);
			runOnlyForDeploymentPostprocessing = 0;
		};
/* End PBXFrameworksBuildPhase section */

/* Begin PBXGroup section */
		E3352701280BDDE000A633B2 /* Products */ = {
			isa = PBXGroup;
			children = (
				E3352706280BDDE000A633B2 /* Charts.framework */,
				E3352708280BDDE000A633B2 /* ChartsTests.xctest */,
			);
			name = Products;
			sourceTree = "<group>";
		};
		E3519EE4280AA1D800D7213C = {
			isa = PBXGroup;
			children = (
				E3519EEF280AA1D800D7213C /* PremiaMobile */,
				E3519F06280AA1D900D7213C /* PremiaMobileTests */,
				E3519F10280AA1D900D7213C /* PremiaMobileUITests */,
				E3519EEE280AA1D800D7213C /* Products */,
				E367AAC6280B70D200983E1E /* Frameworks */,
			);
			sourceTree = "<group>";
		};
		E3519EEE280AA1D800D7213C /* Products */ = {
			isa = PBXGroup;
			children = (
				E3519EED280AA1D800D7213C /* PremiaMobile.app */,
				E3519F03280AA1D900D7213C /* PremiaMobileTests.xctest */,
				E3519F0D280AA1D900D7213C /* PremiaMobileUITests.xctest */,
			);
			name = Products;
			sourceTree = "<group>";
		};
		E3519EEF280AA1D800D7213C /* PremiaMobile */ = {
			isa = PBXGroup;
			children = (
				E3519F2D280B2BAB00D7213C /* Views */,
				E3519F20280AA35C00D7213C /* Services */,
				E3519EF0280AA1D800D7213C /* AppDelegate.swift */,
				E3519EF2280AA1D800D7213C /* SceneDelegate.swift */,
				E3519EF4280AA1D800D7213C /* ViewController.swift */,
				E335270B280BE1B600A633B2 /* HomeController.swift */,
				E3519EF6280AA1D800D7213C /* Main.storyboard */,
				E3519EF9280AA1D800D7213C /* Assets.xcassets */,
				E367AAD4280BBA8100983E1E /* sigma.png */,
				E3519EFB280AA1D800D7213C /* LaunchScreen.storyboard */,
				E3519EFE280AA1D800D7213C /* Info.plist */,
			);
			path = PremiaMobile;
			sourceTree = "<group>";
		};
		E3519F06280AA1D900D7213C /* PremiaMobileTests */ = {
			isa = PBXGroup;
			children = (
				E3519F07280AA1D900D7213C /* PremiaMobileTests.swift */,
			);
			path = PremiaMobileTests;
			sourceTree = "<group>";
		};
		E3519F10280AA1D900D7213C /* PremiaMobileUITests */ = {
			isa = PBXGroup;
			children = (
				E3519F11280AA1D900D7213C /* PremiaMobileUITests.swift */,
				E3519F13280AA1D900D7213C /* PremiaMobileUITestsLaunchTests.swift */,
			);
			path = PremiaMobileUITests;
			sourceTree = "<group>";
		};
		E3519F20280AA35C00D7213C /* Services */ = {
			isa = PBXGroup;
			children = (
				E3519F23280AA4FC00D7213C /* Coinbase */,
				E3519F22280AA4F400D7213C /* HalextLabs */,
				E3519F21280AA36500D7213C /* TDAmeritrade */,
			);
			path = Services;
			sourceTree = "<group>";
		};
		E3519F21280AA36500D7213C /* TDAmeritrade */ = {
			isa = PBXGroup;
			children = (
				E3519F28280B2B2B00D7213C /* TDClient.swift */,
				E3519F2A280B2B3200D7213C /* TDParser.swift */,
				E367AA89280B53A300983E1E /* TDManager.swift */,
				E367AA8D280B5AFA00983E1E /* TDStructures.swift */,
			);
			path = TDAmeritrade;
			sourceTree = "<group>";
		};
		E3519F22280AA4F400D7213C /* HalextLabs */ = {
			isa = PBXGroup;
			children = (
				E3519F24280AA51C00D7213C /* HalextClient.swift */,
				E3519F26280B066200D7213C /* HalextParser.swift */,
			);
			path = HalextLabs;
			sourceTree = "<group>";
		};
		E3519F23280AA4FC00D7213C /* Coinbase */ = {
			isa = PBXGroup;
			children = (
			);
			path = Coinbase;
			sourceTree = "<group>";
		};
		E3519F2D280B2BAB00D7213C /* Views */ = {
			isa = PBXGroup;
			children = (
				E3519F2E280B2BB600D7213C /* CandleChartView.swift */,
			);
			path = Views;
			sourceTree = "<group>";
		};
		E367AAC6280B70D200983E1E /* Frameworks */ = {
			isa = PBXGroup;
			children = (
				E3352700280BDDE000A633B2 /* Charts.xcodeproj */,
			);
			name = Frameworks;
			sourceTree = "<group>";
		};
/* End PBXGroup section */

/* Begin PBXNativeTarget section */
		E3519EEC280AA1D800D7213C /* PremiaMobile */ = {
			isa = PBXNativeTarget;
			buildConfigurationList = E3519F17280AA1D900D7213C /* Build configuration list for PBXNativeTarget "PremiaMobile" */;
			buildPhases = (
				E3519EE9280AA1D800D7213C /* Sources */,
				E3519EEA280AA1D800D7213C /* Frameworks */,
				E3519EEB280AA1D800D7213C /* Resources */,
				E33526F0280BD78B00A633B2 /* Embed Frameworks */,
			);
			buildRules = (
			);
			dependencies = (
			);
			name = PremiaMobile;
			packageProductDependencies = (
				E367AAC9280B70F200983E1E /* Algorithms */,
				E367AACC280B710000983E1E /* ComplexModule */,
				E367AACE280B710000983E1E /* Numerics */,
				E367AAD0280B710000983E1E /* RealModule */,
			);
			productName = PremiaMobile;
			productReference = E3519EED280AA1D800D7213C /* PremiaMobile.app */;
			productType = "com.apple.product-type.application";
		};
		E3519F02280AA1D900D7213C /* PremiaMobileTests */ = {
			isa = PBXNativeTarget;
			buildConfigurationList = E3519F1A280AA1D900D7213C /* Build configuration list for PBXNativeTarget "PremiaMobileTests" */;
			buildPhases = (
				E3519EFF280AA1D900D7213C /* Sources */,
				E3519F00280AA1D900D7213C /* Frameworks */,
				E3519F01280AA1D900D7213C /* Resources */,
			);
			buildRules = (
			);
			dependencies = (
				E3519F05280AA1D900D7213C /* PBXTargetDependency */,
			);
			name = PremiaMobileTests;
			productName = PremiaMobileTests;
			productReference = E3519F03280AA1D900D7213C /* PremiaMobileTests.xctest */;
			productType = "com.apple.product-type.bundle.unit-test";
		};
		E3519F0C280AA1D900D7213C /* PremiaMobileUITests */ = {
			isa = PBXNativeTarget;
			buildConfigurationList = E3519F1D280AA1D900D7213C /* Build configuration list for PBXNativeTarget "PremiaMobileUITests" */;
			buildPhases = (
				E3519F09280AA1D900D7213C /* Sources */,
				E3519F0A280AA1D900D7213C /* Frameworks */,
				E3519F0B280AA1D900D7213C /* Resources */,
			);
			buildRules = (
			);
			dependencies = (
				E3519F0F280AA1D900D7213C /* PBXTargetDependency */,
			);
			name = PremiaMobileUITests;
			productName = PremiaMobileUITests;
			productReference = E3519F0D280AA1D900D7213C /* PremiaMobileUITests.xctest */;
			productType = "com.apple.product-type.bundle.ui-testing";
		};
/* End PBXNativeTarget section */

/* Begin PBXProject section */
		E3519EE5280AA1D800D7213C /* Project object */ = {
			isa = PBXProject;
			attributes = {
				BuildIndependentTargetsInParallel = 1;
				LastSwiftUpdateCheck = 1330;
				LastUpgradeCheck = 1330;
				TargetAttributes = {
					E3519EEC280AA1D800D7213C = {
						CreatedOnToolsVersion = 13.3.1;
					};
					E3519F02280AA1D900D7213C = {
						CreatedOnToolsVersion = 13.3.1;
						TestTargetID = E3519EEC280AA1D800D7213C;
					};
					E3519F0C280AA1D900D7213C = {
						CreatedOnToolsVersion = 13.3.1;
						TestTargetID = E3519EEC280AA1D800D7213C;
					};
				};
			};
			buildConfigurationList = E3519EE8280AA1D800D7213C /* Build configuration list for PBXProject "PremiaMobile" */;
			compatibilityVersion = "Xcode 13.0";
			developmentRegion = en;
			hasScannedForEncodings = 0;
			knownRegions = (
				en,
				Base,
			);
			mainGroup = E3519EE4280AA1D800D7213C;
			packageReferences = (
				E367AAC8280B70F200983E1E /* XCRemoteSwiftPackageReference "swift-algorithms" */,
				E367AACB280B710000983E1E /* XCRemoteSwiftPackageReference "swift-numerics" */,
			);
			productRefGroup = E3519EEE280AA1D800D7213C /* Products */;
			projectDirPath = "";
			projectReferences = (
				{
					ProductGroup = E3352701280BDDE000A633B2 /* Products */;
					ProjectRef = E3352700280BDDE000A633B2 /* Charts.xcodeproj */;
				},
			);
			projectRoot = "";
			targets = (
				E3519EEC280AA1D800D7213C /* PremiaMobile */,
				E3519F02280AA1D900D7213C /* PremiaMobileTests */,
				E3519F0C280AA1D900D7213C /* PremiaMobileUITests */,
			);
		};
/* End PBXProject section */

/* Begin PBXReferenceProxy section */
		E3352706280BDDE000A633B2 /* Charts.framework */ = {
			isa = PBXReferenceProxy;
			fileType = wrapper.framework;
			path = Charts.framework;
			remoteRef = E3352705280BDDE000A633B2 /* PBXContainerItemProxy */;
			sourceTree = BUILT_PRODUCTS_DIR;
		};
		E3352708280BDDE000A633B2 /* ChartsTests.xctest */ = {
			isa = PBXReferenceProxy;
			fileType = wrapper.cfbundle;
			path = ChartsTests.xctest;
			remoteRef = E3352707280BDDE000A633B2 /* PBXContainerItemProxy */;
			sourceTree = BUILT_PRODUCTS_DIR;
		};
/* End PBXReferenceProxy section */

/* Begin PBXResourcesBuildPhase section */
		E3519EEB280AA1D800D7213C /* Resources */ = {
			isa = PBXResourcesBuildPhase;
			buildActionMask = 2147483647;
			files = (
				E3519EFD280AA1D800D7213C /* LaunchScreen.storyboard in Resources */,
				E3519EFA280AA1D800D7213C /* Assets.xcassets in Resources */,
				E3519EF8280AA1D800D7213C /* Main.storyboard in Resources */,
			);
			runOnlyForDeploymentPostprocessing = 0;
		};
		E3519F01280AA1D900D7213C /* Resources */ = {
			isa = PBXResourcesBuildPhase;
			buildActionMask = 2147483647;
			files = (
			);
			runOnlyForDeploymentPostprocessing = 0;
		};
		E3519F0B280AA1D900D7213C /* Resources */ = {
			isa = PBXResourcesBuildPhase;
			buildActionMask = 2147483647;
			files = (
			);
			runOnlyForDeploymentPostprocessing = 0;
		};
/* End PBXResourcesBuildPhase section */

/* Begin PBXSourcesBuildPhase section */
		E3519EE9280AA1D800D7213C /* Sources */ = {
			isa = PBXSourcesBuildPhase;
			buildActionMask = 2147483647;
			files = (
				E3519EF5280AA1D800D7213C /* ViewController.swift in Sources */,
				E367AA8E280B5AFA00983E1E /* TDStructures.swift in Sources */,
				E335270C280BE1B600A633B2 /* HomeController.swift in Sources */,
				E3519EF1280AA1D800D7213C /* AppDelegate.swift in Sources */,
				E3519F25280AA51C00D7213C /* HalextClient.swift in Sources */,
				E367AA8A280B53A300983E1E /* TDManager.swift in Sources */,
				E3519EF3280AA1D800D7213C /* SceneDelegate.swift in Sources */,
				E3519F2F280B2BB600D7213C /* CandleChartView.swift in Sources */,
				E3519F29280B2B2B00D7213C /* TDClient.swift in Sources */,
				E3519F27280B066200D7213C /* HalextParser.swift in Sources */,
				E3519F2B280B2B3200D7213C /* TDParser.swift in Sources */,
			);
			runOnlyForDeploymentPostprocessing = 0;
		};
		E3519EFF280AA1D900D7213C /* Sources */ = {
			isa = PBXSourcesBuildPhase;
			buildActionMask = 2147483647;
			files = (
				E3519F08280AA1D900D7213C /* PremiaMobileTests.swift in Sources */,
			);
			runOnlyForDeploymentPostprocessing = 0;
		};
		E3519F09280AA1D900D7213C /* Sources */ = {
			isa = PBXSourcesBuildPhase;
			buildActionMask = 2147483647;
			files = (
				E3519F14280AA1D900D7213C /* PremiaMobileUITestsLaunchTests.swift in Sources */,
				E3519F12280AA1D900D7213C /* PremiaMobileUITests.swift in Sources */,
			);
			runOnlyForDeploymentPostprocessing = 0;
		};
/* End PBXSourcesBuildPhase section */

/* Begin PBXTargetDependency section */
		E3519F05280AA1D900D7213C /* PBXTargetDependency */ = {
			isa = PBXTargetDependency;
			target = E3519EEC280AA1D800D7213C /* PremiaMobile */;
			targetProxy = E3519F04280AA1D900D7213C /* PBXContainerItemProxy */;
		};
		E3519F0F280AA1D900D7213C /* PBXTargetDependency */ = {
			isa = PBXTargetDependency;
			target = E3519EEC280AA1D800D7213C /* PremiaMobile */;
			targetProxy = E3519F0E280AA1D900D7213C /* PBXContainerItemProxy */;
		};
/* End PBXTargetDependency section */

/* Begin PBXVariantGroup section */
		E3519EF6280AA1D800D7213C /* Main.storyboard */ = {
			isa = PBXVariantGroup;
			children = (
				E3519EF7280AA1D800D7213C /* Base */,
			);
			name = Main.storyboard;
			sourceTree = "<group>";
		};
		E3519EFB280AA1D800D7213C /* LaunchScreen.storyboard */ = {
			isa = PBXVariantGroup;
			children = (
				E3519EFC280AA1D800D7213C /* Base */,
			);
			name = LaunchScreen.storyboard;
			sourceTree = "<group>";
		};
/* End PBXVariantGroup section */

/* Begin XCBuildConfiguration section */
		E3519F15280AA1D900D7213C /* Debug */ = {
			isa = XCBuildConfiguration;
			buildSettings = {
				ALWAYS_EMBED_SWIFT_STANDARD_LIBRARIES = NO;
				ALWAYS_SEARCH_USER_PATHS = NO;
				APPLICATION_EXTENSION_API_ONLY = YES;
				CLANG_ANALYZER_NONNULL = YES;
				CLANG_ANALYZER_NUMBER_OBJECT_CONVERSION = YES_AGGRESSIVE;
				CLANG_CXX_LANGUAGE_STANDARD = "gnu++17";
				CLANG_ENABLE_MODULES = YES;
				CLANG_ENABLE_OBJC_ARC = YES;
				CLANG_ENABLE_OBJC_WEAK = YES;
				CLANG_WARN_BLOCK_CAPTURE_AUTORELEASING = YES;
				CLANG_WARN_BOOL_CONVERSION = YES;
				CLANG_WARN_COMMA = YES;
				CLANG_WARN_CONSTANT_CONVERSION = YES;
				CLANG_WARN_DEPRECATED_OBJC_IMPLEMENTATIONS = YES;
				CLANG_WARN_DIRECT_OBJC_ISA_USAGE = YES_ERROR;
				CLANG_WARN_DOCUMENTATION_COMMENTS = YES;
				CLANG_WARN_EMPTY_BODY = YES;
				CLANG_WARN_ENUM_CONVERSION = YES;
				CLANG_WARN_INFINITE_RECURSION = YES;
				CLANG_WARN_INT_CONVERSION = YES;
				CLANG_WARN_NON_LITERAL_NULL_CONVERSION = YES;
				CLANG_WARN_OBJC_IMPLICIT_RETAIN_SELF = YES;
				CLANG_WARN_OBJC_LITERAL_CONVERSION = YES;
				CLANG_WARN_OBJC_ROOT_CLASS = YES_ERROR;
				CLANG_WARN_QUOTED_INCLUDE_IN_FRAMEWORK_HEADER = YES;
				CLANG_WARN_RANGE_LOOP_ANALYSIS = YES;
				CLANG_WARN_STRICT_PROTOTYPES = YES;
				CLANG_WARN_SUSPICIOUS_MOVE = YES;
				CLANG_WARN_UNGUARDED_AVAILABILITY = YES_AGGRESSIVE;
				CLANG_WARN_UNREACHABLE_CODE = YES;
				CLANG_WARN__DUPLICATE_METHOD_MATCH = YES;
				COPY_PHASE_STRIP = NO;
				DEBUG_INFORMATION_FORMAT = dwarf;
				ENABLE_STRICT_OBJC_MSGSEND = YES;
				ENABLE_TESTABILITY = YES;
				GCC_C_LANGUAGE_STANDARD = gnu11;
				GCC_DYNAMIC_NO_PIC = NO;
				GCC_NO_COMMON_BLOCKS = YES;
				GCC_OPTIMIZATION_LEVEL = 0;
				GCC_PREPROCESSOR_DEFINITIONS = (
					"DEBUG=1",
					"$(inherited)",
				);
				GCC_WARN_64_TO_32_BIT_CONVERSION = YES;
				GCC_WARN_ABOUT_RETURN_TYPE = YES_ERROR;
				GCC_WARN_UNDECLARED_SELECTOR = YES;
				GCC_WARN_UNINITIALIZED_AUTOS = YES_AGGRESSIVE;
				GCC_WARN_UNUSED_FUNCTION = YES;
				GCC_WARN_UNUSED_VARIABLE = YES;
				IPHONEOS_DEPLOYMENT_TARGET = 15.4;
				MTL_ENABLE_DEBUG_INFO = INCLUDE_SOURCE;
				MTL_FAST_MATH = YES;
				ONLY_ACTIVE_ARCH = YES;
				SDKROOT = iphoneos;
				SWIFT_ACTIVE_COMPILATION_CONDITIONS = DEBUG;
				SWIFT_OPTIMIZATION_LEVEL = "-Onone";
			};
			name = Debug;
		};
		E3519F16280AA1D900D7213C /* Release */ = {
			isa = XCBuildConfiguration;
			buildSettings = {
				ALWAYS_EMBED_SWIFT_STANDARD_LIBRARIES = NO;
				ALWAYS_SEARCH_USER_PATHS = NO;
				APPLICATION_EXTENSION_API_ONLY = YES;
				CLANG_ANALYZER_NONNULL = YES;
				CLANG_ANALYZER_NUMBER_OBJECT_CONVERSION = YES_AGGRESSIVE;
				CLANG_CXX_LANGUAGE_STANDARD = "gnu++17";
				CLANG_ENABLE_MODULES = YES;
				CLANG_ENABLE_OBJC_ARC = YES;
				CLANG_ENABLE_OBJC_WEAK = YES;
				CLANG_WARN_BLOCK_CAPTURE_AUTORELEASING = YES;
				CLANG_WARN_BOOL_CONVERSION = YES;
				CLANG_WARN_COMMA = YES;
				CLANG_WARN_CONSTANT_CONVERSION = YES;
				CLANG_WARN_DEPRECATED_OBJC_IMPLEMENTATIONS = YES;
				CLANG_WARN_DIRECT_OBJC_ISA_USAGE = YES_ERROR;
				CLANG_WARN_DOCUMENTATION_COMMENTS = YES;
				CLANG_WARN_EMPTY_BODY = YES;
				CLANG_WARN_ENUM_CONVERSION = YES;
				CLANG_WARN_INFINITE_RECURSION = YES;
				CLANG_WARN_INT_CONVERSION = YES;
				CLANG_WARN_NON_LITERAL_NULL_CONVERSION = YES;
				CLANG_WARN_OBJC_IMPLICIT_RETAIN_SELF = YES;
				CLANG_WARN_OBJC_LITERAL_CONVERSION = YES;
				CLANG_WARN_OBJC_ROOT_CLASS = YES_ERROR;
				CLANG_WARN_QUOTED_INCLUDE_IN_FRAMEWORK_HEADER = YES;
				CLANG_WARN_RANGE_LOOP_ANALYSIS = YES;
				CLANG_WARN_STRICT_PROTOTYPES = YES;
				CLANG_WARN_SUSPICIOUS_MOVE = YES;
				CLANG_WARN_UNGUARDED_AVAILABILITY = YES_AGGRESSIVE;
				CLANG_WARN_UNREACHABLE_CODE = YES;
				CLANG_WARN__DUPLICATE_METHOD_MATCH = YES;
				COPY_PHASE_STRIP = NO;
				DEBUG_INFORMATION_FORMAT = "dwarf-with-dsym";
				ENABLE_NS_ASSERTIONS = NO;
				ENABLE_STRICT_OBJC_MSGSEND = YES;
				GCC_C_LANGUAGE_STANDARD = gnu11;
				GCC_NO_COMMON_BLOCKS = YES;
				GCC_WARN_64_TO_32_BIT_CONVERSION = YES;
				GCC_WARN_ABOUT_RETURN_TYPE = YES_ERROR;
				GCC_WARN_UNDECLARED_SELECTOR = YES;
				GCC_WARN_UNINITIALIZED_AUTOS = YES_AGGRESSIVE;
				GCC_WARN_UNUSED_FUNCTION = YES;
				GCC_WARN_UNUSED_VARIABLE = YES;
				IPHONEOS_DEPLOYMENT_TARGET = 15.4;
				MTL_ENABLE_DEBUG_INFO = NO;
				MTL_FAST_MATH = YES;
				SDKROOT = iphoneos;
				SWIFT_COMPILATION_MODE = wholemodule;
				SWIFT_OPTIMIZATION_LEVEL = "-O";
				VALIDATE_PRODUCT = YES;
			};
			name = Release;
		};
		E3519F18280AA1D900D7213C /* Debug */ = {
			isa = XCBuildConfiguration;
			buildSettings = {
				ALWAYS_EMBED_SWIFT_STANDARD_LIBRARIES = NO;
				APPLICATION_EXTENSION_API_ONLY = YES;
				ASSETCATALOG_COMPILER_APPICON_NAME = AppIcon;
				ASSETCATALOG_COMPILER_GLOBAL_ACCENT_COLOR_NAME = AccentColor;
				CODE_SIGN_STYLE = Automatic;
				CURRENT_PROJECT_VERSION = 1;
				DEVELOPMENT_TEAM = SN8Z922TT6;
				GENERATE_INFOPLIST_FILE = YES;
				INFOPLIST_FILE = PremiaMobile/Info.plist;
				INFOPLIST_KEY_UIApplicationSupportsIndirectInputEvents = YES;
				INFOPLIST_KEY_UILaunchStoryboardName = LaunchScreen;
				INFOPLIST_KEY_UIMainStoryboardFile = Main;
				INFOPLIST_KEY_UISupportedInterfaceOrientations_iPad = "UIInterfaceOrientationPortrait UIInterfaceOrientationPortraitUpsideDown UIInterfaceOrientationLandscapeLeft UIInterfaceOrientationLandscapeRight";
				INFOPLIST_KEY_UISupportedInterfaceOrientations_iPhone = "UIInterfaceOrientationPortrait UIInterfaceOrientationLandscapeLeft UIInterfaceOrientationLandscapeRight";
				LD_RUNPATH_SEARCH_PATHS = (
					"$(inherited)",
					"@executable_path/Frameworks",
				);
				MARKETING_VERSION = 1.0;
				PRODUCT_BUNDLE_IDENTIFIER = halext.PremiaMobile;
				PRODUCT_NAME = "$(TARGET_NAME)";
				SWIFT_EMIT_LOC_STRINGS = YES;
				SWIFT_VERSION = 5.0;
				TARGETED_DEVICE_FAMILY = "1,2";
			};
			name = Debug;
		};
		E3519F19280AA1D900D7213C /* Release */ = {
			isa = XCBuildConfiguration;
			buildSettings = {
				ALWAYS_EMBED_SWIFT_STANDARD_LIBRARIES = NO;
				APPLICATION_EXTENSION_API_ONLY = YES;
				ASSETCATALOG_COMPILER_APPICON_NAME = AppIcon;
				ASSETCATALOG_COMPILER_GLOBAL_ACCENT_COLOR_NAME = AccentColor;
				CODE_SIGN_STYLE = Automatic;
				CURRENT_PROJECT_VERSION = 1;
				DEVELOPMENT_TEAM = SN8Z922TT6;
				GENERATE_INFOPLIST_FILE = YES;
				INFOPLIST_FILE = PremiaMobile/Info.plist;
				INFOPLIST_KEY_UIApplicationSupportsIndirectInputEvents = YES;
				INFOPLIST_KEY_UILaunchStoryboardName = LaunchScreen;
				INFOPLIST_KEY_UIMainStoryboardFile = Main;
				INFOPLIST_KEY_UISupportedInterfaceOrientations_iPad = "UIInterfaceOrientationPortrait UIInterfaceOrientationPortraitUpsideDown UIInterfaceOrientationLandscapeLeft UIInterfaceOrientationLandscapeRight";
				INFOPLIST_KEY_UISupportedInterfaceOrientations_iPhone = "UIInterfaceOrientationPortrait UIInterfaceOrientationLandscapeLeft UIInterfaceOrientationLandscapeRight";
				LD_RUNPATH_SEARCH_PATHS = (
					"$(inherited)",
					"@executable_path/Frameworks",
				);
				MARKETING_VERSION = 1.0;
				PRODUCT_BUNDLE_IDENTIFIER = halext.PremiaMobile;
				PRODUCT_NAME = "$(TARGET_NAME)";
				SWIFT_EMIT_LOC_STRINGS = YES;
				SWIFT_VERSION = 5.0;
				TARGETED_DEVICE_FAMILY = "1,2";
			};
			name = Release;
		};
		E3519F1B280AA1D900D7213C /* Debug */ = {
			isa = XCBuildConfiguration;
			buildSettings = {
				ALWAYS_EMBED_SWIFT_STANDARD_LIBRARIES = YES;
				BUNDLE_LOADER = "$(TEST_HOST)";
				CODE_SIGN_STYLE = Automatic;
				CURRENT_PROJECT_VERSION = 1;
				DEVELOPMENT_TEAM = SN8Z922TT6;
				GENERATE_INFOPLIST_FILE = YES;
				IPHONEOS_DEPLOYMENT_TARGET = 15.4;
				MARKETING_VERSION = 1.0;
				PRODUCT_BUNDLE_IDENTIFIER = halext.PremiaMobileTests;
				PRODUCT_NAME = "$(TARGET_NAME)";
				SWIFT_EMIT_LOC_STRINGS = NO;
				SWIFT_VERSION = 5.0;
				TARGETED_DEVICE_FAMILY = "1,2";
				TEST_HOST = "$(BUILT_PRODUCTS_DIR)/PremiaMobile.app/PremiaMobile";
			};
			name = Debug;
		};
		E3519F1C280AA1D900D7213C /* Release */ = {
			isa = XCBuildConfiguration;
			buildSettings = {
				ALWAYS_EMBED_SWIFT_STANDARD_LIBRARIES = YES;
				BUNDLE_LOADER = "$(TEST_HOST)";
				CODE_SIGN_STYLE = Automatic;
				CURRENT_PROJECT_VERSION = 1;
				DEVELOPMENT_TEAM = SN8Z922TT6;
				GENERATE_INFOPLIST_FILE = YES;
				IPHONEOS_DEPLOYMENT_TARGET = 15.4;
				MARKETING_VERSION = 1.0;
				PRODUCT_BUNDLE_IDENTIFIER = halext.PremiaMobileTests;
				PRODUCT_NAME = "$(TARGET_NAME)";
				SWIFT_EMIT_LOC_STRINGS = NO;
				SWIFT_VERSION = 5.0;
				TARGETED_DEVICE_FAMILY = "1,2";
				TEST_HOST = "$(BUILT_PRODUCTS_DIR)/PremiaMobile.app/PremiaMobile";
			};
			name = Release;
		};
		E3519F1E280AA1D900D7213C /* Debug */ = {
			isa = XCBuildConfiguration;
			buildSettings = {
				ALWAYS_EMBED_SWIFT_STANDARD_LIBRARIES = YES;
				CODE_SIGN_STYLE = Automatic;
				CURRENT_PROJECT_VERSION = 1;
				DEVELOPMENT_TEAM = SN8Z922TT6;
				GENERATE_INFOPLIST_FILE = YES;
				MARKETING_VERSION = 1.0;
				PRODUCT_BUNDLE_IDENTIFIER = halext.PremiaMobileUITests;
				PRODUCT_NAME = "$(TARGET_NAME)";
				SWIFT_EMIT_LOC_STRINGS = NO;
				SWIFT_VERSION = 5.0;
				TARGETED_DEVICE_FAMILY = "1,2";
				TEST_TARGET_NAME = PremiaMobile;
			};
			name = Debug;
		};
		E3519F1F280AA1D900D7213C /* Release */ = {
			isa = XCBuildConfiguration;
			buildSettings = {
				ALWAYS_EMBED_SWIFT_STANDARD_LIBRARIES = YES;
				CODE_SIGN_STYLE = Automatic;
				CURRENT_PROJECT_VERSION = 1;
				DEVELOPMENT_TEAM = SN8Z922TT6;
				GENERATE_INFOPLIST_FILE = YES;
				MARKETING_VERSION = 1.0;
				PRODUCT_BUNDLE_IDENTIFIER = halext.PremiaMobileUITests;
				PRODUCT_NAME = "$(TARGET_NAME)";
				SWIFT_EMIT_LOC_STRINGS = NO;
				SWIFT_VERSION = 5.0;
				TARGETED_DEVICE_FAMILY = "1,2";
				TEST_TARGET_NAME = PremiaMobile;
			};
			name = Release;
		};
/* End XCBuildConfiguration section */

/* Begin XCConfigurationList section */
		E3519EE8280AA1D800D7213C /* Build configuration list for PBXProject "PremiaMobile" */ = {
			isa = XCConfigurationList;
			buildConfigurations = (
				E3519F15280AA1D900D7213C /* Debug */,
				E3519F16280AA1D900D7213C /* Release */,
			);
			defaultConfigurationIsVisible = 0;
			defaultConfigurationName = Release;
		};
		E3519F17280AA1D900D7213C /* Build configuration list for PBXNativeTarget "PremiaMobile" */ = {
			isa = XCConfigurationList;
			buildConfigurations = (
				E3519F18280AA1D900D7213C /* Debug */,
				E3519F19280AA1D900D7213C /* Release */,
			);
			defaultConfigurationIsVisible = 0;
			defaultConfigurationName = Release;
		};
		E3519F1A280AA1D900D7213C /* Build configuration list for PBXNativeTarget "PremiaMobileTests" */ = {
			isa = XCConfigurationList;
			buildConfigurations = (
				E3519F1B280AA1D900D7213C /* Debug */,
				E3519F1C280AA1D900D7213C /* Release */,
			);
			defaultConfigurationIsVisible = 0;
			defaultConfigurationName = Release;
		};
		E3519F1D280AA1D900D7213C /* Build configuration list for PBXNativeTarget "PremiaMobileUITests" */ = {
			isa = XCConfigurationList;
			buildConfigurations = (
				E3519F1E280AA1D900D7213C /* Debug */,
				E3519F1F280AA1D900D7213C /* Release */,
			);
			defaultConfigurationIsVisible = 0;
			defaultConfigurationName = Release;
		};
/* End XCConfigurationList section */

/* Begin XCRemoteSwiftPackageReference section */
		E367AAC8280B70F200983E1E /* XCRemoteSwiftPackageReference "swift-algorithms" */ = {
			isa = XCRemoteSwiftPackageReference;
			repositoryURL = "https://github.com/apple/swift-algorithms.git";
			requirement = {
				kind = upToNextMajorVersion;
				minimumVersion = 1.0.0;
			};
		};
		E367AACB280B710000983E1E /* XCRemoteSwiftPackageReference "swift-numerics" */ = {
			isa = XCRemoteSwiftPackageReference;
			repositoryURL = "https://github.com/apple/swift-numerics.git";
			requirement = {
				kind = upToNextMajorVersion;
				minimumVersion = 1.0.0;
			};
		};
/* End XCRemoteSwiftPackageReference section */

/* Begin XCSwiftPackageProductDependency section */
		E367AAC9280B70F200983E1E /* Algorithms */ = {
			isa = XCSwiftPackageProductDependency;
			package = E367AAC8280B70F200983E1E /* XCRemoteSwiftPackageReference "swift-algorithms" */;
			productName = Algorithms;
		};
		E367AACC280B710000983E1E /* ComplexModule */ = {
			isa = XCSwiftPackageProductDependency;
			package = E367AACB280B710000983E1E /* XCRemoteSwiftPackageReference "swift-numerics" */;
			productName = ComplexModule;
		};
		E367AACE280B710000983E1E /* Numerics */ = {
			isa = XCSwiftPackageProductDependency;
			package = E367AACB280B710000983E1E /* XCRemoteSwiftPackageReference "swift-numerics" */;
			productName = Numerics;
		};
		E367AAD0280B710000983E1E /* RealModule */ = {
			isa = XCSwiftPackageProductDependency;
			package = E367AACB280B710000983E1E /* XCRemoteSwiftPackageReference "swift-numerics" */;
			productName = RealModule;
		};
/* End XCSwiftPackageProductDependency section */
	};
	rootObject = E3519EE5280AA1D800D7213C /* Project object */;
}
